
Microsoft Visual Studio Solution File, Format Version 12.00
# Visual Studio Version 17
VisualStudioVersion = 17.9.34728.123
MinimumVisualStudioVersion = 10.0.40219.1
Project("{9A19103F-16F7-4668-BE54-9A1E7A4F7556}") = "ITService.UI", "ITService\ITService.UI.csproj", "{102C9CD7-F94C-41FC-BF05-432FDFBC3AB6}"
	ProjectSection(ProjectDependencies) = postProject
		{2814A76F-5072-4183-90A3-9EB60652C732} = {2814A76F-5072-4183-90A3-9EB60652C732}
	EndProjectSection
EndProject
Project("{9A19103F-16F7-4668-BE54-9A1E7A4F7556}") = "ITService.DataAccess", "ITService.DataAccess\ITService.DataAccess.csproj", "{2814A76F-5072-4183-90A3-9EB60652C732}"
	ProjectSection(ProjectDependencies) = postProject
		{50F434B0-96C8-456B-85F8-5390F4EEDB65} = {50F434B0-96C8-456B-85F8-5390F4EEDB65}
	EndProjectSection
EndProject
Project("{9A19103F-16F7-4668-BE54-9A1E7A4F7556}") = "ITService.Model", "ITService.Model\ITService.Model.csproj", "{50F434B0-96C8-456B-85F8-5390F4EEDB65}"
EndProject
Global
	GlobalSection(SolutionConfigurationPlatforms) = preSolution
		Debug|Any CPU = Debug|Any CPU
		Release|Any CPU = Release|Any CPU
	EndGlobalSection
	GlobalSection(ProjectConfigurationPlatforms) = postSolution
		{102C9CD7-F94C-41FC-BF05-432FDFBC3AB6}.Debug|Any CPU.ActiveCfg = Debug|Any CPU
		{102C9CD7-F94C-41FC-BF05-432FDFBC3AB6}.Debug|Any CPU.Build.0 = Debug|Any CPU
		{102C9CD7-F94C-41FC-BF05-432FDFBC3AB6}.Release|Any CPU.ActiveCfg = Release|Any CPU
		{102C9CD7-F94C-41FC-BF05-432FDFBC3AB6}.Release|Any CPU.Build.0 = Release|Any CPU
		{2814A76F-5072-4183-90A3-9EB60652C732}.Debug|Any CPU.ActiveCfg = Debug|Any CPU
		{2814A76F-5072-4183-90A3-9EB60652C732}.Debug|Any CPU.Build.0 = Debug|Any CPU
		{2814A76F-5072-4183-90A3-9EB60652C732}.Release|Any CPU.ActiveCfg = Release|Any CPU
		{2814A76F-5072-4183-90A3-9EB60652C732}.Release|Any CPU.Build.0 = Release|Any CPU
		{50F434B0-96C8-456B-85F8-5390F4EEDB65}.Debug|Any CPU.ActiveCfg = Debug|Any CPU
		{50F434B0-96C8-456B-85F8-5390F4EEDB65}.Debug|Any CPU.Build.0 = Debug|Any CPU
		{50F434B0-96C8-456B-85F8-5390F4EEDB65}.Release|Any CPU.ActiveCfg = Release|Any CPU
		{50F434B0-96C8-456B-85F8-5390F4EEDB65}.Release|Any CPU.Build.0 = Release|Any CPU
	EndGlobalSection
	GlobalSection(SolutionProperties) = preSolution
		HideSolutionNode = FALSE
	EndGlobalSection
	GlobalSection(ExtensibilityGlobals) = postSolution
		SolutionGuid = {167B511C-098F-4410-A423-4C78CB7B620D}
	EndGlobalSection
EndGlobal
