
Microsoft Visual Studio Solution File, Format Version 12.00
# Visual Studio Version 17
VisualStudioVersion = 17.9.34728.123
MinimumVisualStudioVersion = 10.0.40219.1
Project("{9A19103F-16F7-4668-BE54-9A1E7A4F7556}") = "ITService", "ITService\ITService.csproj", "{102C9CD7-F94C-41FC-BF05-432FDFBC3AB6}"
EndProject
Project("{2150E333-8FDC-42A3-9474-1A3956D46DE8}") = "Tests", "Tests", "{59CC1392-8571-4F49-A81E-FD07EE793F52}"
EndProject
Project("{FAE04EC0-301F-11D3-BF4B-00C04F79EFBC}") = "TESTConsole", "Tests\TESTConsole\TESTConsole.csproj", "{E1B98673-FBD9-4F7E-933C-6C06F98C3074}"
EndProject
Project("{FAE04EC0-301F-11D3-BF4B-00C04F79EFBC}") = "TESTWpfApp", "Tests\TESTWpfApp\TESTWpfApp.csproj", "{20510858-9914-4F31-899D-9F268A872C12}"
EndProject
Global
	GlobalSection(SolutionConfigurationPlatforms) = preSolution
		Debug|Any CPU = Debug|Any CPU
		Release|Any CPU = Release|Any CPU
	EndGlobalSection
	GlobalSection(ProjectConfigurationPlatforms) = postSolution
		{102C9CD7-F94C-41FC-BF05-432FDFBC3AB6}.Debug|Any CPU.ActiveCfg = Debug|Any CPU
		{102C9CD7-F94C-41FC-BF05-432FDFBC3AB6}.Debug|Any CPU.Build.0 = Debug|Any CPU
		{102C9CD7-F94C-41FC-BF05-432FDFBC3AB6}.Release|Any CPU.ActiveCfg = Release|Any CPU
		{102C9CD7-F94C-41FC-BF05-432FDFBC3AB6}.Release|Any CPU.Build.0 = Release|Any CPU
		{E1B98673-FBD9-4F7E-933C-6C06F98C3074}.Debug|Any CPU.ActiveCfg = Debug|Any CPU
		{E1B98673-FBD9-4F7E-933C-6C06F98C3074}.Debug|Any CPU.Build.0 = Debug|Any CPU
		{E1B98673-FBD9-4F7E-933C-6C06F98C3074}.Release|Any CPU.ActiveCfg = Release|Any CPU
		{E1B98673-FBD9-4F7E-933C-6C06F98C3074}.Release|Any CPU.Build.0 = Release|Any CPU
		{20510858-9914-4F31-899D-9F268A872C12}.Debug|Any CPU.ActiveCfg = Debug|Any CPU
		{20510858-9914-4F31-899D-9F268A872C12}.Debug|Any CPU.Build.0 = Debug|Any CPU
		{20510858-9914-4F31-899D-9F268A872C12}.Release|Any CPU.ActiveCfg = Release|Any CPU
		{20510858-9914-4F31-899D-9F268A872C12}.Release|Any CPU.Build.0 = Release|Any CPU
	EndGlobalSection
	GlobalSection(SolutionProperties) = preSolution
		HideSolutionNode = FALSE
	EndGlobalSection
	GlobalSection(NestedProjects) = preSolution
		{E1B98673-FBD9-4F7E-933C-6C06F98C3074} = {59CC1392-8571-4F49-A81E-FD07EE793F52}
		{20510858-9914-4F31-899D-9F268A872C12} = {59CC1392-8571-4F49-A81E-FD07EE793F52}
	EndGlobalSection
	GlobalSection(ExtensibilityGlobals) = postSolution
		SolutionGuid = {167B511C-098F-4410-A423-4C78CB7B620D}
	EndGlobalSection
EndGlobal
